<?xml version="1.0" encoding="utf-8"?>
<Project ToolsVersion="4.0" xmlns="http://schemas.microsoft.com/developer/msbuild/2003">
  <ItemGroup>
    <Filter Include="Source Files">
      <UniqueIdentifier>{4FC737F1-C7A5-4376-A066-2A32D752A2FF}</UniqueIdentifier>
      <Extensions>cpp;c;cc;cxx;c++;cppm;ixx;def;odl;idl;hpj;bat;asm;asmx</Extensions>
    </Filter>
    <Filter Include="Header Files">
      <UniqueIdentifier>{93995380-89BD-4b04-88EB-625FBE52EBFB}</UniqueIdentifier>
      <Extensions>h;hh;hpp;hxx;h++;hm;inl;inc;ipp;xsd</Extensions>
    </Filter>
    <Filter Include="Resource Files">
      <UniqueIdentifier>{67DA6AB6-F800-4c08-8B7A-83BB121AAD01}</UniqueIdentifier>
      <Extensions>rc;ico;cur;bmp;dlg;rc2;rct;bin;rgs;gif;jpg;jpeg;jpe;resx;tiff;tif;png;wav;mfcribbon-ms</Extensions>
    </Filter>
  </ItemGroup>
  <ItemGroup>
    <ClCompile Include="Problem #01 Solution.cpp">
      <Filter>Source Files</Filter>
    </ClCompile>
    <ClCompile Include="Problem #02 Solution.cpp">
      <Filter>Source Files</Filter>
    </ClCompile>
    <ClCompile Include="Problem #03 Solution.cpp">
      <Filter>Source Files</Filter>
    </ClCompile>
    <ClCompile Include="Problem #04 Solution.cpp">
      <Filter>Source Files</Filter>
    </ClCompile>
    <ClCompile Include="Problem #05 Solution.cpp">
      <Filter>Source Files</Filter>
    </ClCompile>
    <ClCompile Include="Problem #06 Solution.cpp">
      <Filter>Source Files</Filter>
    </ClCompile>
    <ClCompile Include="Problem #07 Solution.cpp">
      <Filter>Source Files</Filter>
    </ClCompile>
    <ClCompile Include="Problem #08 Solution.cpp">
      <Filter>Source Files</Filter>
    </ClCompile>
    <ClCompile Include="Problem #09 Solution.cpp">
      <Filter>Source Files</Filter>
    </ClCompile>
    <ClCompile Include="Problem #10 Solution.cpp">
      <Filter>Source Files</Filter>
    </ClCompile>
    <ClCompile Include="Problem #11 Solution.cpp">
      <Filter>Source Files</Filter>
    </ClCompile>
    <ClCompile Include="Problem #12 Solution.cpp">
      <Filter>Source Files</Filter>
    </ClCompile>
    <ClCompile Include="Problem #13 Solution.cpp">
      <Filter>Source Files</Filter>
    </ClCompile>
    <ClCompile Include="Problem #14 Solution.cpp">
      <Filter>Source Files</Filter>
    </ClCompile>
    <ClCompile Include="Problem #15 Solution.cpp">
      <Filter>Source Files</Filter>
    </ClCompile>
    <ClCompile Include="Problem #16 Solution.cpp">
      <Filter>Source Files</Filter>
    </ClCompile>
    <ClCompile Include="Problem #17 Solution.cpp">
      <Filter>Source Files</Filter>
    </ClCompile>
    <ClCompile Include="Problem #18 Solution.cpp">
      <Filter>Source Files</Filter>
    </ClCompile>
    <ClCompile Include="Problem #19 Solution.cpp">
      <Filter>Source Files</Filter>
    </ClCompile>
    <ClCompile Include="Problem #20 Solution.cpp">
      <Filter>Source Files</Filter>
    </ClCompile>
    <ClCompile Include="Problem #21 Solution.cpp">
      <Filter>Source Files</Filter>
    </ClCompile>
    <ClCompile Include="Problem #22 Solution.cpp">
      <Filter>Source Files</Filter>
    </ClCompile>
    <ClCompile Include="Problem #23 Solution.cpp">
      <Filter>Source Files</Filter>
    </ClCompile>
    <ClCompile Include="Problem #24 Solution.cpp">
      <Filter>Source Files</Filter>
    </ClCompile>
    <ClCompile Include="Problem #25 Solution.cpp">
      <Filter>Source Files</Filter>
    </ClCompile>
    <ClCompile Include="Problem #26 Solution.cpp">
      <Filter>Source Files</Filter>
    </ClCompile>
    <ClCompile Include="Problem #27 Solution.cpp">
      <Filter>Source Files</Filter>
    </ClCompile>
    <ClCompile Include="Problem #28 Solution.cpp">
      <Filter>Source Files</Filter>
    </ClCompile>
    <ClCompile Include="Problem #29 Solution.cpp">
      <Filter>Source Files</Filter>
    </ClCompile>
    <ClCompile Include="Problem #30 Solution.cpp">
      <Filter>Source Files</Filter>
    </ClCompile>
    <ClCompile Include="Problem #31 Solution.cpp">
      <Filter>Source Files</Filter>
    </ClCompile>
    <ClCompile Include="Problem #32 Solution.cpp">
      <Filter>Source Files</Filter>
    </ClCompile>
    <ClCompile Include="Problem #33 Solution.cpp">
      <Filter>Source Files</Filter>
    </ClCompile>
    <ClCompile Include="Problem #34 Solution.cpp">
      <Filter>Source Files</Filter>
    </ClCompile>
    <ClCompile Include="Problem #35 Solution.cpp">
      <Filter>Source Files</Filter>
    </ClCompile>
    <ClCompile Include="Problem #36 Solution.cpp">
      <Filter>Source Files</Filter>
    </ClCompile>
    <ClCompile Include="Problem #37 Solution.cpp">
      <Filter>Source Files</Filter>
    </ClCompile>
    <ClCompile Include="Problem #38 Solution.cpp">
      <Filter>Source Files</Filter>
    </ClCompile>
    <ClCompile Include="Problem #39 Solution.cpp">
      <Filter>Source Files</Filter>
    </ClCompile>
    <ClCompile Include="Problem #40 Solution.cpp">
      <Filter>Source Files</Filter>
    </ClCompile>
    <ClCompile Include="Problem #41 Solution.cpp">
      <Filter>Source Files</Filter>
    </ClCompile>
    <ClCompile Include="Problem #42 Solution.cpp">
      <Filter>Source Files</Filter>
    </ClCompile>
    <ClCompile Include="Problem #43 Solution.cpp">
      <Filter>Source Files</Filter>
    </ClCompile>
    <ClCompile Include="Problem #44 Solution.cpp">
      <Filter>Source Files</Filter>
    </ClCompile>
    <ClCompile Include="Problem #45 Solution.cpp">
      <Filter>Source Files</Filter>
    </ClCompile>
    <ClCompile Include="Problem #46 Solution.cpp">
      <Filter>Source Files</Filter>
    </ClCompile>
    <ClCompile Include="Problem #47 Solution.cpp">
      <Filter>Source Files</Filter>
    </ClCompile>
    <ClCompile Include="Problem #48 Solution.cpp">
      <Filter>Source Files</Filter>
    </ClCompile>
    <ClCompile Include="Problem #49 Solution.cpp">
      <Filter>Source Files</Filter>
    </ClCompile>
    <ClCompile Include="Problem #50 Solution.cpp">
      <Filter>Source Files</Filter>
    </ClCompile>
    <ClCompile Include="Project 1_Solution1.cpp">
      <Filter>Source Files</Filter>
    </ClCompile>
    <ClCompile Include="Project 1_Solution2.cpp">
      <Filter>Source Files</Filter>
    </ClCompile>
    <ClCompile Include="Project 2_Solution1.cpp">
      <Filter>Source Files</Filter>
    </ClCompile>
    <ClCompile Include="Project 2_Solution2.cpp">
      <Filter>Source Files</Filter>
    </ClCompile>
  </ItemGroup>
</Project>